
Microsoft Visual Studio Solution File, Format Version 12.00
# Visual Studio Version 17
VisualStudioVersion = 17.5.33414.496
MinimumVisualStudioVersion = 10.0.40219.1
Project("{9A19103F-16F7-4668-BE54-9A1E7A4F7556}") = "CsbindgenDotnetConsoleApp", "dotnet-sandbox\CsbindgenDotnetConsoleApp.csproj", "{9FCF940C-368E-41C5-B83A-CFDEC01E2B70}"
EndProject
Project("{FAE04EC0-301F-11D3-BF4B-00C04F79EFBC}") = "GroupedNativeMethodsGenerator", "GroupedNativeMethodsGenerator\GroupedNativeMethodsGenerator.csproj", "{C63592D1-9C02-43BF-A4E0-C23D4B1C0ACE}"
EndProject
Global
	GlobalSection(SolutionConfigurationPlatforms) = preSolution
		Debug|Any CPU = Debug|Any CPU
		Release|Any CPU = Release|Any CPU
	EndGlobalSection
	GlobalSection(ProjectConfigurationPlatforms) = postSolution
		{9FCF940C-368E-41C5-B83A-CFDEC01E2B70}.Debug|Any CPU.ActiveCfg = Debug|Any CPU
		{9FCF940C-368E-41C5-B83A-CFDEC01E2B70}.Debug|Any CPU.Build.0 = Debug|Any CPU
		{9FCF940C-368E-41C5-B83A-CFDEC01E2B70}.Release|Any CPU.ActiveCfg = Release|Any CPU
		{9FCF940C-368E-41C5-B83A-CFDEC01E2B70}.Release|Any CPU.Build.0 = Release|Any CPU
		{C63592D1-9C02-43BF-A4E0-C23D4B1C0ACE}.Debug|Any CPU.ActiveCfg = Debug|Any CPU
		{C63592D1-9C02-43BF-A4E0-C23D4B1C0ACE}.Debug|Any CPU.Build.0 = Debug|Any CPU
		{C63592D1-9C02-43BF-A4E0-C23D4B1C0ACE}.Release|Any CPU.ActiveCfg = Release|Any CPU
		{C63592D1-9C02-43BF-A4E0-C23D4B1C0ACE}.Release|Any CPU.Build.0 = Release|Any CPU
	EndGlobalSection
	GlobalSection(SolutionProperties) = preSolution
		HideSolutionNode = FALSE
	EndGlobalSection
	GlobalSection(ExtensibilityGlobals) = postSolution
		SolutionGuid = {8FAD332E-1845-455E-AB46-3F45699D2335}
	EndGlobalSection
EndGlobal
